// !$*UTF8*$!
{
	archiveVersion = 1;
	classes = {
	};
	objectVersion = 55;
	objects = {

/* Begin PBXBuildFile section */
		124B7ADD28B16C2A0002C6B0 /* BaseMini001App.swift in Sources */ = {isa = PBXBuildFile; fileRef = 124B7ADC28B16C2A0002C6B0 /* BaseMini001App.swift */; };
		124B7ADF28B16C2A0002C6B0 /* ContentView.swift in Sources */ = {isa = PBXBuildFile; fileRef = 124B7ADE28B16C2A0002C6B0 /* ContentView.swift */; };
		124B7AE128B16C340002C6B0 /* Assets.xcassets in Resources */ = {isa = PBXBuildFile; fileRef = 124B7AE028B16C340002C6B0 /* Assets.xcassets */; };
		124B7AE428B16C340002C6B0 /* Preview Assets.xcassets in Resources */ = {isa = PBXBuildFile; fileRef = 124B7AE328B16C340002C6B0 /* Preview Assets.xcassets */; };
		124B7AEC28B16C6F0002C6B0 /* MagicSettingsView.swift in Sources */ = {isa = PBXBuildFile; fileRef = 124B7AEB28B16C6F0002C6B0 /* MagicSettingsView.swift */; };
		124B7AEE28B16D2B0002C6B0 /* Magic.swift in Sources */ = {isa = PBXBuildFile; fileRef = 124B7AED28B16D2B0002C6B0 /* Magic.swift */; };
		12A495D428B1730A00AC4E52 /* MagicUtils.swift in Sources */ = {isa = PBXBuildFile; fileRef = 12A495D328B1730A00AC4E52 /* MagicUtils.swift */; };
		12A495D628B1AFEE00AC4E52 /* FileEditor.swift in Sources */ = {isa = PBXBuildFile; fileRef = 12A495D528B1AFEE00AC4E52 /* FileEditor.swift */; };
		12A495D928B1E17000AC4E52 /* MagicListView.swift in Sources */ = {isa = PBXBuildFile; fileRef = 12A495D828B1E16F00AC4E52 /* MagicListView.swift */; };
		12A495DB28B1E9EE00AC4E52 /* EditMagicView.swift in Sources */ = {isa = PBXBuildFile; fileRef = 12A495DA28B1E9EE00AC4E52 /* EditMagicView.swift */; };
/* End PBXBuildFile section */

/* Begin PBXFileReference section */
		124B7AD928B16C2A0002C6B0 /* BaseMini001.app */ = {isa = PBXFileReference; explicitFileType = wrapper.application; includeInIndex = 0; path = BaseMini001.app; sourceTree = BUILT_PRODUCTS_DIR; };
		124B7ADC28B16C2A0002C6B0 /* BaseMini001App.swift */ = {isa = PBXFileReference; lastKnownFileType = sourcecode.swift; path = BaseMini001App.swift; sourceTree = "<group>"; };
		124B7ADE28B16C2A0002C6B0 /* ContentView.swift */ = {isa = PBXFileReference; lastKnownFileType = sourcecode.swift; path = ContentView.swift; sourceTree = "<group>"; };
		124B7AE028B16C340002C6B0 /* Assets.xcassets */ = {isa = PBXFileReference; lastKnownFileType = folder.assetcatalog; path = Assets.xcassets; sourceTree = "<group>"; };
		124B7AE328B16C340002C6B0 /* Preview Assets.xcassets */ = {isa = PBXFileReference; lastKnownFileType = folder.assetcatalog; path = "Preview Assets.xcassets"; sourceTree = "<group>"; };
		124B7AE528B16C340002C6B0 /* BaseMini001.entitlements */ = {isa = PBXFileReference; lastKnownFileType = text.plist.entitlements; path = BaseMini001.entitlements; sourceTree = "<group>"; };
		124B7AEB28B16C6F0002C6B0 /* MagicSettingsView.swift */ = {isa = PBXFileReference; lastKnownFileType = sourcecode.swift; path = MagicSettingsView.swift; sourceTree = "<group>"; };
		124B7AED28B16D2B0002C6B0 /* Magic.swift */ = {isa = PBXFileReference; lastKnownFileType = sourcecode.swift; path = Magic.swift; sourceTree = "<group>"; };
		12A495D328B1730A00AC4E52 /* MagicUtils.swift */ = {isa = PBXFileReference; lastKnownFileType = sourcecode.swift; path = MagicUtils.swift; sourceTree = "<group>"; };
		12A495D528B1AFEE00AC4E52 /* FileEditor.swift */ = {isa = PBXFileReference; lastKnownFileType = sourcecode.swift; path = FileEditor.swift; sourceTree = "<group>"; };
		12A495D828B1E16F00AC4E52 /* MagicListView.swift */ = {isa = PBXFileReference; lastKnownFileType = sourcecode.swift; path = MagicListView.swift; sourceTree = "<group>"; };
		12A495DA28B1E9EE00AC4E52 /* EditMagicView.swift */ = {isa = PBXFileReference; lastKnownFileType = sourcecode.swift; path = EditMagicView.swift; sourceTree = "<group>"; };
/* End PBXFileReference section */

/* Begin PBXFrameworksBuildPhase section */
		124B7AD628B16C2A0002C6B0 /* Frameworks */ = {
			isa = PBXFrameworksBuildPhase;
			buildActionMask = 2147483647;
			files = (
			);
			runOnlyForDeploymentPostprocessing = 0;
		};
/* End PBXFrameworksBuildPhase section */

/* Begin PBXGroup section */
		124B7AD028B16C2A0002C6B0 = {
			isa = PBXGroup;
			children = (
				124B7ADB28B16C2A0002C6B0 /* BaseMini001 */,
				124B7ADA28B16C2A0002C6B0 /* Products */,
			);
			sourceTree = "<group>";
		};
		124B7ADA28B16C2A0002C6B0 /* Products */ = {
			isa = PBXGroup;
			children = (
				124B7AD928B16C2A0002C6B0 /* BaseMini001.app */,
			);
			name = Products;
			sourceTree = "<group>";
		};
		124B7ADB28B16C2A0002C6B0 /* BaseMini001 */ = {
			isa = PBXGroup;
			children = (
				124B7ADC28B16C2A0002C6B0 /* BaseMini001App.swift */,
				124B7ADE28B16C2A0002C6B0 /* ContentView.swift */,
				12A495D728B1E0E900AC4E52 /* MagicView */,
				12A495D528B1AFEE00AC4E52 /* FileEditor.swift */,
				124B7AE028B16C340002C6B0 /* Assets.xcassets */,
				124B7AE528B16C340002C6B0 /* BaseMini001.entitlements */,
				124B7AE228B16C340002C6B0 /* Preview Content */,
			);
			path = BaseMini001;
			sourceTree = "<group>";
		};
		124B7AE228B16C340002C6B0 /* Preview Content */ = {
			isa = PBXGroup;
			children = (
				124B7AE328B16C340002C6B0 /* Preview Assets.xcassets */,
			);
			path = "Preview Content";
			sourceTree = "<group>";
		};
		12A495D728B1E0E900AC4E52 /* MagicView */ = {
			isa = PBXGroup;
			children = (
				124B7AEB28B16C6F0002C6B0 /* MagicSettingsView.swift */,
				12A495D828B1E16F00AC4E52 /* MagicListView.swift */,
				12A495DA28B1E9EE00AC4E52 /* EditMagicView.swift */,
				124B7AED28B16D2B0002C6B0 /* Magic.swift */,
				12A495D328B1730A00AC4E52 /* MagicUtils.swift */,
			);
			path = MagicView;
			sourceTree = "<group>";
		};
/* End PBXGroup section */

/* Begin PBXNativeTarget section */
		124B7AD828B16C2A0002C6B0 /* BaseMini001 */ = {
			isa = PBXNativeTarget;
			buildConfigurationList = 124B7AE828B16C340002C6B0 /* Build configuration list for PBXNativeTarget "BaseMini001" */;
			buildPhases = (
				124B7AD528B16C2A0002C6B0 /* Sources */,
				124B7AD628B16C2A0002C6B0 /* Frameworks */,
				124B7AD728B16C2A0002C6B0 /* Resources */,
			);
			buildRules = (
			);
			dependencies = (
			);
			name = BaseMini001;
			productName = BaseMini001;
			productReference = 124B7AD928B16C2A0002C6B0 /* BaseMini001.app */;
			productType = "com.apple.product-type.application";
		};
/* End PBXNativeTarget section */

/* Begin PBXProject section */
		124B7AD128B16C2A0002C6B0 /* Project object */ = {
			isa = PBXProject;
			attributes = {
				BuildIndependentTargetsInParallel = 1;
				LastSwiftUpdateCheck = 1330;
				LastUpgradeCheck = 1330;
				TargetAttributes = {
					124B7AD828B16C2A0002C6B0 = {
						CreatedOnToolsVersion = 13.3.1;
					};
				};
			};
			buildConfigurationList = 124B7AD428B16C2A0002C6B0 /* Build configuration list for PBXProject "BaseMini001" */;
			compatibilityVersion = "Xcode 13.0";
			developmentRegion = en;
			hasScannedForEncodings = 0;
			knownRegions = (
				en,
				Base,
			);
			mainGroup = 124B7AD028B16C2A0002C6B0;
			productRefGroup = 124B7ADA28B16C2A0002C6B0 /* Products */;
			projectDirPath = "";
			projectRoot = "";
			targets = (
				124B7AD828B16C2A0002C6B0 /* BaseMini001 */,
			);
		};
/* End PBXProject section */

/* Begin PBXResourcesBuildPhase section */
		124B7AD728B16C2A0002C6B0 /* Resources */ = {
			isa = PBXResourcesBuildPhase;
			buildActionMask = 2147483647;
			files = (
				124B7AE428B16C340002C6B0 /* Preview Assets.xcassets in Resources */,
				124B7AE128B16C340002C6B0 /* Assets.xcassets in Resources */,
			);
			runOnlyForDeploymentPostprocessing = 0;
		};
/* End PBXResourcesBuildPhase section */

/* Begin PBXSourcesBuildPhase section */
		124B7AD528B16C2A0002C6B0 /* Sources */ = {
			isa = PBXSourcesBuildPhase;
			buildActionMask = 2147483647;
			files = (
				12A495DB28B1E9EE00AC4E52 /* EditMagicView.swift in Sources */,
				124B7AEC28B16C6F0002C6B0 /* MagicSettingsView.swift in Sources */,
				124B7ADF28B16C2A0002C6B0 /* ContentView.swift in Sources */,
				12A495D628B1AFEE00AC4E52 /* FileEditor.swift in Sources */,
				12A495D928B1E17000AC4E52 /* MagicListView.swift in Sources */,
				124B7ADD28B16C2A0002C6B0 /* BaseMini001App.swift in Sources */,
				124B7AEE28B16D2B0002C6B0 /* Magic.swift in Sources */,
				12A495D428B1730A00AC4E52 /* MagicUtils.swift in Sources */,
			);
			runOnlyForDeploymentPostprocessing = 0;
		};
/* End PBXSourcesBuildPhase section */

/* Begin XCBuildConfiguration section */
		124B7AE628B16C340002C6B0 /* Debug */ = {
			isa = XCBuildConfiguration;
			buildSettings = {
				ALWAYS_SEARCH_USER_PATHS = NO;
				CLANG_ANALYZER_NONNULL = YES;
				CLANG_ANALYZER_NUMBER_OBJECT_CONVERSION = YES_AGGRESSIVE;
				CLANG_CXX_LANGUAGE_STANDARD = "gnu++17";
				CLANG_ENABLE_MODULES = YES;
				CLANG_ENABLE_OBJC_ARC = YES;
				CLANG_ENABLE_OBJC_WEAK = YES;
				CLANG_WARN_BLOCK_CAPTURE_AUTORELEASING = YES;
				CLANG_WARN_BOOL_CONVERSION = YES;
				CLANG_WARN_COMMA = YES;
				CLANG_WARN_CONSTANT_CONVERSION = YES;
				CLANG_WARN_DEPRECATED_OBJC_IMPLEMENTATIONS = YES;
				CLANG_WARN_DIRECT_OBJC_ISA_USAGE = YES_ERROR;
				CLANG_WARN_DOCUMENTATION_COMMENTS = YES;
				CLANG_WARN_EMPTY_BODY = YES;
				CLANG_WARN_ENUM_CONVERSION = YES;
				CLANG_WARN_INFINITE_RECURSION = YES;
				CLANG_WARN_INT_CONVERSION = YES;
				CLANG_WARN_NON_LITERAL_NULL_CONVERSION = YES;
				CLANG_WARN_OBJC_IMPLICIT_RETAIN_SELF = YES;
				CLANG_WARN_OBJC_LITERAL_CONVERSION = YES;
				CLANG_WARN_OBJC_ROOT_CLASS = YES_ERROR;
				CLANG_WARN_QUOTED_INCLUDE_IN_FRAMEWORK_HEADER = YES;
				CLANG_WARN_RANGE_LOOP_ANALYSIS = YES;
				CLANG_WARN_STRICT_PROTOTYPES = YES;
				CLANG_WARN_SUSPICIOUS_MOVE = YES;
				CLANG_WARN_UNGUARDED_AVAILABILITY = YES_AGGRESSIVE;
				CLANG_WARN_UNREACHABLE_CODE = YES;
				CLANG_WARN__DUPLICATE_METHOD_MATCH = YES;
				COPY_PHASE_STRIP = NO;
				DEBUG_INFORMATION_FORMAT = dwarf;
				ENABLE_STRICT_OBJC_MSGSEND = YES;
				ENABLE_TESTABILITY = YES;
				GCC_C_LANGUAGE_STANDARD = gnu11;
				GCC_DYNAMIC_NO_PIC = NO;
				GCC_NO_COMMON_BLOCKS = YES;
				GCC_OPTIMIZATION_LEVEL = 0;
				GCC_PREPROCESSOR_DEFINITIONS = (
					"DEBUG=1",
					"$(inherited)",
				);
				GCC_WARN_64_TO_32_BIT_CONVERSION = YES;
				GCC_WARN_ABOUT_RETURN_TYPE = YES_ERROR;
				GCC_WARN_UNDECLARED_SELECTOR = YES;
				GCC_WARN_UNINITIALIZED_AUTOS = YES_AGGRESSIVE;
				GCC_WARN_UNUSED_FUNCTION = YES;
				GCC_WARN_UNUSED_VARIABLE = YES;
				MACOSX_DEPLOYMENT_TARGET = 12.2;
				MTL_ENABLE_DEBUG_INFO = INCLUDE_SOURCE;
				MTL_FAST_MATH = YES;
				ONLY_ACTIVE_ARCH = YES;
				SDKROOT = macosx;
				SWIFT_ACTIVE_COMPILATION_CONDITIONS = DEBUG;
				SWIFT_OPTIMIZATION_LEVEL = "-Onone";
			};
			name = Debug;
		};
		124B7AE728B16C340002C6B0 /* Release */ = {
			isa = XCBuildConfiguration;
			buildSettings = {
				ALWAYS_SEARCH_USER_PATHS = NO;
				CLANG_ANALYZER_NONNULL = YES;
				CLANG_ANALYZER_NUMBER_OBJECT_CONVERSION = YES_AGGRESSIVE;
				CLANG_CXX_LANGUAGE_STANDARD = "gnu++17";
				CLANG_ENABLE_MODULES = YES;
				CLANG_ENABLE_OBJC_ARC = YES;
				CLANG_ENABLE_OBJC_WEAK = YES;
				CLANG_WARN_BLOCK_CAPTURE_AUTORELEASING = YES;
				CLANG_WARN_BOOL_CONVERSION = YES;
				CLANG_WARN_COMMA = YES;
				CLANG_WARN_CONSTANT_CONVERSION = YES;
				CLANG_WARN_DEPRECATED_OBJC_IMPLEMENTATIONS = YES;
				CLANG_WARN_DIRECT_OBJC_ISA_USAGE = YES_ERROR;
				CLANG_WARN_DOCUMENTATION_COMMENTS = YES;
				CLANG_WARN_EMPTY_BODY = YES;
				CLANG_WARN_ENUM_CONVERSION = YES;
				CLANG_WARN_INFINITE_RECURSION = YES;
				CLANG_WARN_INT_CONVERSION = YES;
				CLANG_WARN_NON_LITERAL_NULL_CONVERSION = YES;
				CLANG_WARN_OBJC_IMPLICIT_RETAIN_SELF = YES;
				CLANG_WARN_OBJC_LITERAL_CONVERSION = YES;
				CLANG_WARN_OBJC_ROOT_CLASS = YES_ERROR;
				CLANG_WARN_QUOTED_INCLUDE_IN_FRAMEWORK_HEADER = YES;
				CLANG_WARN_RANGE_LOOP_ANALYSIS = YES;
				CLANG_WARN_STRICT_PROTOTYPES = YES;
				CLANG_WARN_SUSPICIOUS_MOVE = YES;
				CLANG_WARN_UNGUARDED_AVAILABILITY = YES_AGGRESSIVE;
				CLANG_WARN_UNREACHABLE_CODE = YES;
				CLANG_WARN__DUPLICATE_METHOD_MATCH = YES;
				COPY_PHASE_STRIP = NO;
				DEBUG_INFORMATION_FORMAT = "dwarf-with-dsym";
				ENABLE_NS_ASSERTIONS = NO;
				ENABLE_STRICT_OBJC_MSGSEND = YES;
				GCC_C_LANGUAGE_STANDARD = gnu11;
				GCC_NO_COMMON_BLOCKS = YES;
				GCC_WARN_64_TO_32_BIT_CONVERSION = YES;
				GCC_WARN_ABOUT_RETURN_TYPE = YES_ERROR;
				GCC_WARN_UNDECLARED_SELECTOR = YES;
				GCC_WARN_UNINITIALIZED_AUTOS = YES_AGGRESSIVE;
				GCC_WARN_UNUSED_FUNCTION = YES;
				GCC_WARN_UNUSED_VARIABLE = YES;
				MACOSX_DEPLOYMENT_TARGET = 12.2;
				MTL_ENABLE_DEBUG_INFO = NO;
				MTL_FAST_MATH = YES;
				SDKROOT = macosx;
				SWIFT_COMPILATION_MODE = wholemodule;
				SWIFT_OPTIMIZATION_LEVEL = "-O";
			};
			name = Release;
		};
		124B7AE928B16C340002C6B0 /* Debug */ = {
			isa = XCBuildConfiguration;
			buildSettings = {
				ASSETCATALOG_COMPILER_APPICON_NAME = AppIcon;
				ASSETCATALOG_COMPILER_GLOBAL_ACCENT_COLOR_NAME = AccentColor;
				CODE_SIGN_ENTITLEMENTS = BaseMini001/BaseMini001.entitlements;
				CODE_SIGN_STYLE = Automatic;
				COMBINE_HIDPI_IMAGES = YES;
				CURRENT_PROJECT_VERSION = 1;
				DEVELOPMENT_ASSET_PATHS = "\"BaseMini001/Preview Content\"";
				DEVELOPMENT_TEAM = KFCLN3TFTY;
				ENABLE_HARDENED_RUNTIME = YES;
				ENABLE_PREVIEWS = YES;
				GENERATE_INFOPLIST_FILE = YES;
				INFOPLIST_KEY_NSHumanReadableCopyright = "";
				LD_RUNPATH_SEARCH_PATHS = (
					"$(inherited)",
					"@executable_path/../Frameworks",
				);
				MARKETING_VERSION = 1.0;
				PRODUCT_BUNDLE_IDENTIFIER = com.omanhattan.BaseMini001;
				PRODUCT_NAME = "$(TARGET_NAME)";
				SWIFT_EMIT_LOC_STRINGS = YES;
				SWIFT_VERSION = 5.0;
			};
			name = Debug;
		};
		124B7AEA28B16C340002C6B0 /* Release */ = {
			isa = XCBuildConfiguration;
			buildSettings = {
				ASSETCATALOG_COMPILER_APPICON_NAME = AppIcon;
				ASSETCATALOG_COMPILER_GLOBAL_ACCENT_COLOR_NAME = AccentColor;
				CODE_SIGN_ENTITLEMENTS = BaseMini001/BaseMini001.entitlements;
				CODE_SIGN_STYLE = Automatic;
				COMBINE_HIDPI_IMAGES = YES;
				CURRENT_PROJECT_VERSION = 1;
				DEVELOPMENT_ASSET_PATHS = "\"BaseMini001/Preview Content\"";
				DEVELOPMENT_TEAM = KFCLN3TFTY;
				ENABLE_HARDENED_RUNTIME = YES;
				ENABLE_PREVIEWS = YES;
				GENERATE_INFOPLIST_FILE = YES;
				INFOPLIST_KEY_NSHumanReadableCopyright = "";
				LD_RUNPATH_SEARCH_PATHS = (
					"$(inherited)",
					"@executable_path/../Frameworks",
				);
				MARKETING_VERSION = 1.0;
				PRODUCT_BUNDLE_IDENTIFIER = com.omanhattan.BaseMini001;
				PRODUCT_NAME = "$(TARGET_NAME)";
				SWIFT_EMIT_LOC_STRINGS = YES;
				SWIFT_VERSION = 5.0;
			};
			name = Release;
		};
/* End XCBuildConfiguration section */

/* Begin XCConfigurationList section */
		124B7AD428B16C2A0002C6B0 /* Build configuration list for PBXProject "BaseMini001" */ = {
			isa = XCConfigurationList;
			buildConfigurations = (
				124B7AE628B16C340002C6B0 /* Debug */,
				124B7AE728B16C340002C6B0 /* Release */,
			);
			defaultConfigurationIsVisible = 0;
			defaultConfigurationName = Release;
		};
		124B7AE828B16C340002C6B0 /* Build configuration list for PBXNativeTarget "BaseMini001" */ = {
			isa = XCConfigurationList;
			buildConfigurations = (
				124B7AE928B16C340002C6B0 /* Debug */,
				124B7AEA28B16C340002C6B0 /* Release */,
			);
			defaultConfigurationIsVisible = 0;
			defaultConfigurationName = Release;
		};
/* End XCConfigurationList section */
	};
	rootObject = 124B7AD128B16C2A0002C6B0 /* Project object */;
}
